PODS:
  - Alamofire (4.9.1)
  - AlamofireNetworkActivityIndicator (2.4.0):
    - Alamofire (~> 4.8)
  - IQKeyboardManagerSwift (6.5.5)
  - MVVM-Swift (1.1.0)
  - ObjectMapper (3.5.1)
  - Realm (4.3.2):
    - Realm/Headers (= 4.3.2)
  - Realm/Headers (4.3.2)
  - RealmSwift (4.3.2):
    - Realm (= 4.3.2)
  - SDWebImage (4.4.6):
    - SDWebImage/Core (= 4.4.6)
  - SDWebImage/Core (4.4.6)
  - SideMenu (6.4.7)
  - SVProgressHUD (2.2.5)
  - SwifterSwift (4.6.0):
    - SwifterSwift/AppKit (= 4.6.0)
    - SwifterSwift/CoreGraphics (= 4.6.0)
    - SwifterSwift/CoreLocation (= 4.6.0)
    - SwifterSwift/Foundation (= 4.6.0)
    - SwifterSwift/MapKit (= 4.6.0)
    - SwifterSwift/SpriteKit (= 4.6.0)
    - SwifterSwift/SwiftStdlib (= 4.6.0)
    - SwifterSwift/UIKit (= 4.6.0)
  - SwifterSwift/AppKit (4.6.0)
  - SwifterSwift/CoreGraphics (4.6.0)
  - SwifterSwift/CoreLocation (4.6.0)
  - SwifterSwift/Foundation (4.6.0)
  - SwifterSwift/MapKit (4.6.0)
  - SwifterSwift/SpriteKit (4.6.0)
  - SwifterSwift/SwiftStdlib (4.6.0)
  - SwifterSwift/UIKit (4.6.0)
  - SwiftLint (0.27.0)

DEPENDENCIES:
  - Alamofire (~> 4.7)
  - AlamofireNetworkActivityIndicator (~> 2.3)
  - IQKeyboardManagerSwift (~> 6.2)
  - MVVM-Swift (= 1.1.0)
  - ObjectMapper
  - RealmSwift (~> 4.0)
  - SDWebImage (= 4.4.6)
  - SideMenu
  - SVProgressHUD (~> 2.2)
  - SwifterSwift (~> 4.6)
  - SwiftLint (= 0.27)

SPEC REPOS:
  https://github.com/CocoaPods/Specs.git:
    - Alamofire
    - AlamofireNetworkActivityIndicator
    - IQKeyboardManagerSwift
    - MVVM-Swift
    - ObjectMapper
    - Realm
    - RealmSwift
    - SDWebImage
    - SideMenu
    - SVProgressHUD
    - SwifterSwift
    - SwiftLint

SPEC CHECKSUMS:
  Alamofire: 85e8a02c69d6020a0d734f6054870d7ecb75cf18
  AlamofireNetworkActivityIndicator: 9acc3de3ca6645bf0efed462396b0df13dd3e7b8
  IQKeyboardManagerSwift: 0fb93310284665245591f50f7a5e38de615960b7
  MVVM-Swift: 54749cc12bb30af41632f30a2c576a18bf9e4bc8
  ObjectMapper: 70187b8941977c62ccfb423caf6b50be405cabf0
  Realm: 5e92902e2875dff4bb0fd02f67bb737c3d5db2bc
  RealmSwift: 9a360fc7bae04fc2e308a34fbd899d5faa2d6b22
  SDWebImage: 3f3f0c02f09798048c47a5ed0a13f17b063572d8
  SideMenu: 928a015669c3afc201e1fe3a87f1b0bc8993a664
  SVProgressHUD: 1428aafac632c1f86f62aa4243ec12008d7a51d6
  SwifterSwift: 812ffec6f301922f5430e75be3f2939ea3a80024
  SwiftLint: 3207c1faa2240bf8973b191820a116113cd11073

PODFILE CHECKSUM: 49105554789492311cd17fde354637556254cf11

COCOAPODS: 1.9.3
