// !$*UTF8*$!
{
	archiveVersion = 1;
	classes = {
	};
	objectVersion = 51;
	objects = {

/* Begin PBXBuildFile section */
		63151371A711FABE557463B8 /* Pods_FinalProject.framework in Frameworks */ = {isa = PBXBuildFile; fileRef = 183A6AAA8932E0B3847F121B /* Pods_FinalProject.framework */; };
		D10B908C249B19F2003E0A85 /* AppDelegate.swift in Sources */ = {isa = PBXBuildFile; fileRef = D10B908B249B19F2003E0A85 /* AppDelegate.swift */; };
		D10B908E249B19F2003E0A85 /* SceneDelegate.swift in Sources */ = {isa = PBXBuildFile; fileRef = D10B908D249B19F2003E0A85 /* SceneDelegate.swift */; };
		D10B9090249B19F2003E0A85 /* ContentView.swift in Sources */ = {isa = PBXBuildFile; fileRef = D10B908F249B19F2003E0A85 /* ContentView.swift */; };
		D10B9092249B19FA003E0A85 /* Assets.xcassets in Resources */ = {isa = PBXBuildFile; fileRef = D10B9091249B19FA003E0A85 /* Assets.xcassets */; };
		D10B9095249B19FA003E0A85 /* Preview Assets.xcassets in Resources */ = {isa = PBXBuildFile; fileRef = D10B9094249B19FA003E0A85 /* Preview Assets.xcassets */; };
		D10B90A3249B19FA003E0A85 /* FinalProjectTests.swift in Sources */ = {isa = PBXBuildFile; fileRef = D10B90A2249B19FA003E0A85 /* FinalProjectTests.swift */; };
		D10B90AE249B19FA003E0A85 /* FinalProjectUITests.swift in Sources */ = {isa = PBXBuildFile; fileRef = D10B90AD249B19FA003E0A85 /* FinalProjectUITests.swift */; };
		D10B90C7249B1DBE003E0A85 /* Ratio.swift in Sources */ = {isa = PBXBuildFile; fileRef = D10B90C6249B1DBE003E0A85 /* Ratio.swift */; };
		D10B90CA249B1DC8003E0A85 /* UIViewExt.swift in Sources */ = {isa = PBXBuildFile; fileRef = D10B90C8249B1DC8003E0A85 /* UIViewExt.swift */; };
		D10B90D7249B1DD5003E0A85 /* String.swift in Sources */ = {isa = PBXBuildFile; fileRef = D10B90CC249B1DD5003E0A85 /* String.swift */; };
		D10B90D8249B1DD5003E0A85 /* App.swift in Sources */ = {isa = PBXBuildFile; fileRef = D10B90CD249B1DD5003E0A85 /* App.swift */; };
		D10B90DA249B1DD5003E0A85 /* Configuration.swift in Sources */ = {isa = PBXBuildFile; fileRef = D10B90D0249B1DD5003E0A85 /* Configuration.swift */; };
		D10B90DB249B1DD5003E0A85 /* Color.swift in Sources */ = {isa = PBXBuildFile; fileRef = D10B90D1249B1DD5003E0A85 /* Color.swift */; };
		D10B90DC249B1DD5003E0A85 /* Measurement.swift in Sources */ = {isa = PBXBuildFile; fileRef = D10B90D2249B1DD5003E0A85 /* Measurement.swift */; };
		D10B90DE249B1DD5003E0A85 /* Font.swift in Sources */ = {isa = PBXBuildFile; fileRef = D10B90D4249B1DD5003E0A85 /* Font.swift */; };
		D10B90E2249B1EFC003E0A85 /* UITableViewExt.swift in Sources */ = {isa = PBXBuildFile; fileRef = D10B90E1249B1EFC003E0A85 /* UITableViewExt.swift */; };
		D10B918A249B1FD8003E0A85 /* RequestSerializer.swift in Sources */ = {isa = PBXBuildFile; fileRef = D10B90E5249B1FD7003E0A85 /* RequestSerializer.swift */; };
		D10B918B249B1FD8003E0A85 /* Error.swift in Sources */ = {isa = PBXBuildFile; fileRef = D10B90E6249B1FD7003E0A85 /* Error.swift */; };
		D10B918C249B1FD8003E0A85 /* ApiManager.swift in Sources */ = {isa = PBXBuildFile; fileRef = D10B90E7249B1FD7003E0A85 /* ApiManager.swift */; };
		D10B918D249B1FD8003E0A85 /* ResponseSerializer.swift in Sources */ = {isa = PBXBuildFile; fileRef = D10B90E8249B1FD7003E0A85 /* ResponseSerializer.swift */; };
		F00DAA37249B76C6001A70BC /* BaseViewController.swift in Sources */ = {isa = PBXBuildFile; fileRef = F00DAA36249B76C6001A70BC /* BaseViewController.swift */; };
		F00DAA39249B7714001A70BC /* BaseTabBarViewController.swift in Sources */ = {isa = PBXBuildFile; fileRef = F00DAA38249B7714001A70BC /* BaseTabBarViewController.swift */; };
		F00DAA40249B78BF001A70BC /* WelcomeViewController.swift in Sources */ = {isa = PBXBuildFile; fileRef = F00DAA3E249B78BF001A70BC /* WelcomeViewController.swift */; };
		F00DAA41249B78BF001A70BC /* WelcomeViewController.xib in Resources */ = {isa = PBXBuildFile; fileRef = F00DAA3F249B78BF001A70BC /* WelcomeViewController.xib */; };
		F00DAA48249B7980001A70BC /* SearchViewController.swift in Sources */ = {isa = PBXBuildFile; fileRef = F00DAA46249B7980001A70BC /* SearchViewController.swift */; };
		F00DAA49249B7980001A70BC /* SearchViewController.xib in Resources */ = {isa = PBXBuildFile; fileRef = F00DAA47249B7980001A70BC /* SearchViewController.xib */; };
		F00DAA4C249B7990001A70BC /* FavoritesViewController.swift in Sources */ = {isa = PBXBuildFile; fileRef = F00DAA4A249B7990001A70BC /* FavoritesViewController.swift */; };
		F00DAA4D249B7990001A70BC /* FavoritesViewController.xib in Resources */ = {isa = PBXBuildFile; fileRef = F00DAA4B249B7990001A70BC /* FavoritesViewController.xib */; };
		F01685BC249CB7E2006BE5C9 /* Meal.swift in Sources */ = {isa = PBXBuildFile; fileRef = F01685BB249CB7E2006BE5C9 /* Meal.swift */; };
		F01685BE249CC650006BE5C9 /* Networking.swift in Sources */ = {isa = PBXBuildFile; fileRef = F01685BD249CC650006BE5C9 /* Networking.swift */; };

		F01FA20E24B02E2300A2D6FF /* FavoritesTableViewCell.swift in Sources */ = {isa = PBXBuildFile; fileRef = F01FA20C24B02E2300A2D6FF /* FavoritesTableViewCell.swift */; };
		F01FA20F24B02E2300A2D6FF /* FavoritesTableViewCell.xib in Resources */ = {isa = PBXBuildFile; fileRef = F01FA20D24B02E2300A2D6FF /* FavoritesTableViewCell.xib */; };
		F01FA21124B068D900A2D6FF /* FavoritesViewModel.swift in Sources */ = {isa = PBXBuildFile; fileRef = F01FA21024B068D900A2D6FF /* FavoritesViewModel.swift */; };
		F01FA21324B068ED00A2D6FF /* FavoritesTableViewModel.swift in Sources */ = {isa = PBXBuildFile; fileRef = F01FA21224B068ED00A2D6FF /* FavoritesTableViewModel.swift */; };
		F02FE51F24AEDFC300B03D21 /* MealRealm.swift in Sources */ = {isa = PBXBuildFile; fileRef = F02FE51E24AEDFC300B03D21 /* MealRealm.swift */; };
        
		F0383C1E24C5508800CA9834 /* InfoTableViewModel.swift in Sources */ = {isa = PBXBuildFile; fileRef = F0383C1D24C5508800CA9834 /* InfoTableViewModel.swift */; };

		F06908F724A4668E006D9603 /* DetailMealViewController.swift in Sources */ = {isa = PBXBuildFile; fileRef = F06908F524A4668E006D9603 /* DetailMealViewController.swift */; };
		F06908F824A4668E006D9603 /* DetailMealViewController.xib in Resources */ = {isa = PBXBuildFile; fileRef = F06908F624A4668E006D9603 /* DetailMealViewController.xib */; };
		F06908FA24A466B6006D9603 /* DetailMealViewModel.swift in Sources */ = {isa = PBXBuildFile; fileRef = F06908F924A466B6006D9603 /* DetailMealViewModel.swift */; };
		F069090424A47C7A006D9603 /* InfoTableViewCell.swift in Sources */ = {isa = PBXBuildFile; fileRef = F069090224A47C7A006D9603 /* InfoTableViewCell.swift */; };
		F069090524A47C7A006D9603 /* InfoTableViewCell.xib in Resources */ = {isa = PBXBuildFile; fileRef = F069090324A47C7A006D9603 /* InfoTableViewCell.xib */; };
		F069090824A47C89006D9603 /* ImageTableViewCell.swift in Sources */ = {isa = PBXBuildFile; fileRef = F069090624A47C89006D9603 /* ImageTableViewCell.swift */; };
		F069090924A47C89006D9603 /* ImageTableViewCell.xib in Resources */ = {isa = PBXBuildFile; fileRef = F069090724A47C89006D9603 /* ImageTableViewCell.xib */; };
		F069092124A49032006D9603 /* DetailMealTableViewCellViewModel.swift in Sources */ = {isa = PBXBuildFile; fileRef = F069092024A49032006D9603 /* DetailMealTableViewCellViewModel.swift */; };
		F069092324AAED96006D9603 /* UIViewControllerExt.swift in Sources */ = {isa = PBXBuildFile; fileRef = F069092224AAED95006D9603 /* UIViewControllerExt.swift */; };
		F069092624AB2C12006D9603 /* VideoTableViewCell.xib in Resources */ = {isa = PBXBuildFile; fileRef = F069092424AB2C12006D9603 /* VideoTableViewCell.xib */; };
		F069092724AB2C12006D9603 /* VideoTableViewCell.swift in Sources */ = {isa = PBXBuildFile; fileRef = F069092524AB2C12006D9603 /* VideoTableViewCell.swift */; };
		F069092A24AB2C20006D9603 /* InstructionsTableViewCell.swift in Sources */ = {isa = PBXBuildFile; fileRef = F069092824AB2C20006D9603 /* InstructionsTableViewCell.swift */; };
		F069092B24AB2C20006D9603 /* InstructionsTableViewCell.xib in Resources */ = {isa = PBXBuildFile; fileRef = F069092924AB2C20006D9603 /* InstructionsTableViewCell.xib */; };
		F069092E24AB2C2C006D9603 /* IngredientMeasureTableViewCell.xib in Resources */ = {isa = PBXBuildFile; fileRef = F069092C24AB2C2C006D9603 /* IngredientMeasureTableViewCell.xib */; };
		F069092F24AB2C2C006D9603 /* IngredientMeasureTableViewCell.swift in Sources */ = {isa = PBXBuildFile; fileRef = F069092D24AB2C2C006D9603 /* IngredientMeasureTableViewCell.swift */; };
		F069093624AB2C4E006D9603 /* SourceLinkTableViewCell.xib in Resources */ = {isa = PBXBuildFile; fileRef = F069093424AB2C4E006D9603 /* SourceLinkTableViewCell.xib */; };
		F069093724AB2C4E006D9603 /* SourceLinkTableViewCell.swift in Sources */ = {isa = PBXBuildFile; fileRef = F069093524AB2C4E006D9603 /* SourceLinkTableViewCell.swift */; };
		F069093B24AB2C90006D9603 /* DetailMealCountryViewController.swift in Sources */ = {isa = PBXBuildFile; fileRef = F069093824AB2C90006D9603 /* DetailMealCountryViewController.swift */; };
		F069093C24AB2C90006D9603 /* DetailMealCountryViewModel.swift in Sources */ = {isa = PBXBuildFile; fileRef = F069093924AB2C90006D9603 /* DetailMealCountryViewModel.swift */; };
		F069093D24AB2C90006D9603 /* DetailMealCountryViewController.xib in Resources */ = {isa = PBXBuildFile; fileRef = F069093A24AB2C90006D9603 /* DetailMealCountryViewController.xib */; };
		F069094124AC2157006D9603 /* OtherFoodTableViewCell.swift in Sources */ = {isa = PBXBuildFile; fileRef = F069093F24AC2157006D9603 /* OtherFoodTableViewCell.swift */; };
		F069094224AC2157006D9603 /* OtherFoodTableViewCell.xib in Resources */ = {isa = PBXBuildFile; fileRef = F069094024AC2157006D9603 /* OtherFoodTableViewCell.xib */; };
		F069094424AC2B6F006D9603 /* OtherFoodCellViewModel.swift in Sources */ = {isa = PBXBuildFile; fileRef = F069094324AC2B6F006D9603 /* OtherFoodCellViewModel.swift */; };
		F0BE18DE249B613A004FA5AB /* NSURL.swift in Sources */ = {isa = PBXBuildFile; fileRef = F0BE18DD249B613A004FA5AB /* NSURL.swift */; };
		F0BE18E0249B6180004FA5AB /* Api.swift in Sources */ = {isa = PBXBuildFile; fileRef = F0BE18DF249B617F004FA5AB /* Api.swift */; };
		F0BE18E2249B6264004FA5AB /* StringExt.swift in Sources */ = {isa = PBXBuildFile; fileRef = F0BE18E1249B6264004FA5AB /* StringExt.swift */; };
		F0BE18E4249B65E6004FA5AB /* DataExt.swift in Sources */ = {isa = PBXBuildFile; fileRef = F0BE18E3249B65E6004FA5AB /* DataExt.swift */; };
		F0F4BD8C24A04E19000A2CD0 /* HomeCellCategoryViewModel.swift in Sources */ = {isa = PBXBuildFile; fileRef = F0F4BD8B24A04E19000A2CD0 /* HomeCellCategoryViewModel.swift */; };
		F0F4BD8E24A04FA8000A2CD0 /* HomeCategoryViewModel.swift in Sources */ = {isa = PBXBuildFile; fileRef = F0F4BD8D24A04FA8000A2CD0 /* HomeCategoryViewModel.swift */; };
		F0F4BD9224A05676000A2CD0 /* CategoryMeal.swift in Sources */ = {isa = PBXBuildFile; fileRef = F0F4BD9124A05676000A2CD0 /* CategoryMeal.swift */; };
		F0F4BDBD24A1A851000A2CD0 /* CountryViewController.xib in Resources */ = {isa = PBXBuildFile; fileRef = F0F4BDBB24A1A850000A2CD0 /* CountryViewController.xib */; };
		F0F4BDBE24A1A851000A2CD0 /* CountryViewController.swift in Sources */ = {isa = PBXBuildFile; fileRef = F0F4BDBC24A1A850000A2CD0 /* CountryViewController.swift */; };
		F0F4BDC024A1AFB9000A2CD0 /* CountryViewModel.swift in Sources */ = {isa = PBXBuildFile; fileRef = F0F4BDBF24A1AFB8000A2CD0 /* CountryViewModel.swift */; };
		F0F4BDC424A1B076000A2CD0 /* CountryCollectionViewCell.swift in Sources */ = {isa = PBXBuildFile; fileRef = F0F4BDC224A1B076000A2CD0 /* CountryCollectionViewCell.swift */; };
		F0F4BDC524A1B076000A2CD0 /* CountryCollectionViewCell.xib in Resources */ = {isa = PBXBuildFile; fileRef = F0F4BDC324A1B076000A2CD0 /* CountryCollectionViewCell.xib */; };
		F0F4BDC724A1B0AE000A2CD0 /* CountryCellViewModel.swift in Sources */ = {isa = PBXBuildFile; fileRef = F0F4BDC624A1B0AE000A2CD0 /* CountryCellViewModel.swift */; };
		F0F4BDD424A1EB12000A2CD0 /* DetailCategoryTableViewCell.swift in Sources */ = {isa = PBXBuildFile; fileRef = F0F4BDCC24A1EB12000A2CD0 /* DetailCategoryTableViewCell.swift */; };
		F0F4BDD524A1EB12000A2CD0 /* DetailCategoryCollectionViewCell.xib in Resources */ = {isa = PBXBuildFile; fileRef = F0F4BDCD24A1EB12000A2CD0 /* DetailCategoryCollectionViewCell.xib */; };
		F0F4BDD624A1EB12000A2CD0 /* DetailCategoryCollectionViewCell.swift in Sources */ = {isa = PBXBuildFile; fileRef = F0F4BDCE24A1EB12000A2CD0 /* DetailCategoryCollectionViewCell.swift */; };
		F0F4BDD724A1EB12000A2CD0 /* DetailCategoryCellViewModel.swift in Sources */ = {isa = PBXBuildFile; fileRef = F0F4BDCF24A1EB12000A2CD0 /* DetailCategoryCellViewModel.swift */; };
		F0F4BDD824A1EB12000A2CD0 /* DetailCategoryTableViewCell.xib in Resources */ = {isa = PBXBuildFile; fileRef = F0F4BDD024A1EB12000A2CD0 /* DetailCategoryTableViewCell.xib */; };
		F0F4BDD924A1EB12000A2CD0 /* DetailCategoryViewModel.swift in Sources */ = {isa = PBXBuildFile; fileRef = F0F4BDD124A1EB12000A2CD0 /* DetailCategoryViewModel.swift */; };
		F0F4BDDA24A1EB12000A2CD0 /* DetailCategoryViewController.swift in Sources */ = {isa = PBXBuildFile; fileRef = F0F4BDD224A1EB12000A2CD0 /* DetailCategoryViewController.swift */; };
		F0F4BDDB24A1EB12000A2CD0 /* DetailCategoryViewController.xib in Resources */ = {isa = PBXBuildFile; fileRef = F0F4BDD324A1EB12000A2CD0 /* DetailCategoryViewController.xib */; };
		F0F4BDDF24A2168F000A2CD0 /* ItemArray.swift in Sources */ = {isa = PBXBuildFile; fileRef = F0F4BDDE24A2168F000A2CD0 /* ItemArray.swift */; };
		F0F746F8249C4D1B002BDE15 /* HomeCategoryViewController.swift in Sources */ = {isa = PBXBuildFile; fileRef = F0F746F6249C4D1B002BDE15 /* HomeCategoryViewController.swift */; };
		F0F746F9249C4D1B002BDE15 /* HomeCategoryViewController.xib in Resources */ = {isa = PBXBuildFile; fileRef = F0F746F7249C4D1B002BDE15 /* HomeCategoryViewController.xib */; };
		F0F746FD249C4E31002BDE15 /* HomeCategoryCollectionViewCell.swift in Sources */ = {isa = PBXBuildFile; fileRef = F0F746FB249C4E31002BDE15 /* HomeCategoryCollectionViewCell.swift */; };
		F0F746FE249C4E31002BDE15 /* HomeCategoryCollectionViewCell.xib in Resources */ = {isa = PBXBuildFile; fileRef = F0F746FC249C4E31002BDE15 /* HomeCategoryCollectionViewCell.xib */; };
/* End PBXBuildFile section */

/* Begin PBXContainerItemProxy section */
		D10B909F249B19FA003E0A85 /* PBXContainerItemProxy */ = {
			isa = PBXContainerItemProxy;
			containerPortal = D10B9080249B19F2003E0A85 /* Project object */;
			proxyType = 1;
			remoteGlobalIDString = D10B9087249B19F2003E0A85;
			remoteInfo = FinalProject;
		};
		D10B90AA249B19FA003E0A85 /* PBXContainerItemProxy */ = {
			isa = PBXContainerItemProxy;
			containerPortal = D10B9080249B19F2003E0A85 /* Project object */;
			proxyType = 1;
			remoteGlobalIDString = D10B9087249B19F2003E0A85;
			remoteInfo = FinalProject;
		};
/* End PBXContainerItemProxy section */

/* Begin PBXFileReference section */
		183A6AAA8932E0B3847F121B /* Pods_FinalProject.framework */ = {isa = PBXFileReference; explicitFileType = wrapper.framework; includeInIndex = 0; path = Pods_FinalProject.framework; sourceTree = BUILT_PRODUCTS_DIR; };
		71DFB99B885F73AA0CAB7C44 /* Pods-FinalProject.debug.xcconfig */ = {isa = PBXFileReference; includeInIndex = 1; lastKnownFileType = text.xcconfig; name = "Pods-FinalProject.debug.xcconfig"; path = "Target Support Files/Pods-FinalProject/Pods-FinalProject.debug.xcconfig"; sourceTree = "<group>"; };
		C457CDE7FE39E7C321A18E9D /* Pods-FinalProject.release.xcconfig */ = {isa = PBXFileReference; includeInIndex = 1; lastKnownFileType = text.xcconfig; name = "Pods-FinalProject.release.xcconfig"; path = "Target Support Files/Pods-FinalProject/Pods-FinalProject.release.xcconfig"; sourceTree = "<group>"; };
		D10B9088249B19F2003E0A85 /* FinalProject.app */ = {isa = PBXFileReference; explicitFileType = wrapper.application; includeInIndex = 0; path = FinalProject.app; sourceTree = BUILT_PRODUCTS_DIR; };
		D10B908B249B19F2003E0A85 /* AppDelegate.swift */ = {isa = PBXFileReference; lastKnownFileType = sourcecode.swift; path = AppDelegate.swift; sourceTree = "<group>"; };
		D10B908D249B19F2003E0A85 /* SceneDelegate.swift */ = {isa = PBXFileReference; lastKnownFileType = sourcecode.swift; path = SceneDelegate.swift; sourceTree = "<group>"; };
		D10B908F249B19F2003E0A85 /* ContentView.swift */ = {isa = PBXFileReference; lastKnownFileType = sourcecode.swift; path = ContentView.swift; sourceTree = "<group>"; };
		D10B9091249B19FA003E0A85 /* Assets.xcassets */ = {isa = PBXFileReference; lastKnownFileType = folder.assetcatalog; path = Assets.xcassets; sourceTree = "<group>"; };
		D10B9094249B19FA003E0A85 /* Preview Assets.xcassets */ = {isa = PBXFileReference; lastKnownFileType = folder.assetcatalog; path = "Preview Assets.xcassets"; sourceTree = "<group>"; };
		D10B9099249B19FA003E0A85 /* Info.plist */ = {isa = PBXFileReference; lastKnownFileType = text.plist.xml; path = Info.plist; sourceTree = "<group>"; };
		D10B909E249B19FA003E0A85 /* FinalProjectTests.xctest */ = {isa = PBXFileReference; explicitFileType = wrapper.cfbundle; includeInIndex = 0; path = FinalProjectTests.xctest; sourceTree = BUILT_PRODUCTS_DIR; };
		D10B90A2249B19FA003E0A85 /* FinalProjectTests.swift */ = {isa = PBXFileReference; lastKnownFileType = sourcecode.swift; path = FinalProjectTests.swift; sourceTree = "<group>"; };
		D10B90A4249B19FA003E0A85 /* Info.plist */ = {isa = PBXFileReference; lastKnownFileType = text.plist.xml; path = Info.plist; sourceTree = "<group>"; };
		D10B90A9249B19FA003E0A85 /* FinalProjectUITests.xctest */ = {isa = PBXFileReference; explicitFileType = wrapper.cfbundle; includeInIndex = 0; path = FinalProjectUITests.xctest; sourceTree = BUILT_PRODUCTS_DIR; };
		D10B90AD249B19FA003E0A85 /* FinalProjectUITests.swift */ = {isa = PBXFileReference; lastKnownFileType = sourcecode.swift; path = FinalProjectUITests.swift; sourceTree = "<group>"; };
		D10B90AF249B19FA003E0A85 /* Info.plist */ = {isa = PBXFileReference; lastKnownFileType = text.plist.xml; path = Info.plist; sourceTree = "<group>"; };
		D10B90C6249B1DBE003E0A85 /* Ratio.swift */ = {isa = PBXFileReference; fileEncoding = 4; lastKnownFileType = sourcecode.swift; path = Ratio.swift; sourceTree = "<group>"; };
		D10B90C8249B1DC8003E0A85 /* UIViewExt.swift */ = {isa = PBXFileReference; fileEncoding = 4; lastKnownFileType = sourcecode.swift; path = UIViewExt.swift; sourceTree = "<group>"; };
		D10B90CC249B1DD5003E0A85 /* String.swift */ = {isa = PBXFileReference; fileEncoding = 4; lastKnownFileType = sourcecode.swift; name = String.swift; path = FinalProject/Define/String.swift; sourceTree = SOURCE_ROOT; };
		D10B90CD249B1DD5003E0A85 /* App.swift */ = {isa = PBXFileReference; fileEncoding = 4; lastKnownFileType = sourcecode.swift; name = App.swift; path = FinalProject/Define/App.swift; sourceTree = SOURCE_ROOT; };
		D10B90D0249B1DD5003E0A85 /* Configuration.swift */ = {isa = PBXFileReference; fileEncoding = 4; lastKnownFileType = sourcecode.swift; name = Configuration.swift; path = FinalProject/Define/Configuration.swift; sourceTree = SOURCE_ROOT; };
		D10B90D1249B1DD5003E0A85 /* Color.swift */ = {isa = PBXFileReference; fileEncoding = 4; lastKnownFileType = sourcecode.swift; name = Color.swift; path = FinalProject/Define/Color.swift; sourceTree = SOURCE_ROOT; };
		D10B90D2249B1DD5003E0A85 /* Measurement.swift */ = {isa = PBXFileReference; fileEncoding = 4; lastKnownFileType = sourcecode.swift; name = Measurement.swift; path = FinalProject/Define/Measurement.swift; sourceTree = SOURCE_ROOT; };
		D10B90D4249B1DD5003E0A85 /* Font.swift */ = {isa = PBXFileReference; fileEncoding = 4; lastKnownFileType = sourcecode.swift; name = Font.swift; path = FinalProject/Define/Font.swift; sourceTree = SOURCE_ROOT; };
		D10B90E1249B1EFC003E0A85 /* UITableViewExt.swift */ = {isa = PBXFileReference; lastKnownFileType = sourcecode.swift; path = UITableViewExt.swift; sourceTree = "<group>"; };
		D10B90E5249B1FD7003E0A85 /* RequestSerializer.swift */ = {isa = PBXFileReference; fileEncoding = 4; lastKnownFileType = sourcecode.swift; path = RequestSerializer.swift; sourceTree = "<group>"; };
		D10B90E6249B1FD7003E0A85 /* Error.swift */ = {isa = PBXFileReference; fileEncoding = 4; lastKnownFileType = sourcecode.swift; path = Error.swift; sourceTree = "<group>"; };
		D10B90E7249B1FD7003E0A85 /* ApiManager.swift */ = {isa = PBXFileReference; fileEncoding = 4; lastKnownFileType = sourcecode.swift; path = ApiManager.swift; sourceTree = "<group>"; };
		D10B90E8249B1FD7003E0A85 /* ResponseSerializer.swift */ = {isa = PBXFileReference; fileEncoding = 4; lastKnownFileType = sourcecode.swift; path = ResponseSerializer.swift; sourceTree = "<group>"; };
		F00DAA36249B76C6001A70BC /* BaseViewController.swift */ = {isa = PBXFileReference; lastKnownFileType = sourcecode.swift; name = BaseViewController.swift; path = FinalProject/Library/Ext/BaseViewController.swift; sourceTree = SOURCE_ROOT; };
		F00DAA38249B7714001A70BC /* BaseTabBarViewController.swift */ = {isa = PBXFileReference; lastKnownFileType = sourcecode.swift; name = BaseTabBarViewController.swift; path = FinalProject/Library/Ext/BaseTabBarViewController.swift; sourceTree = SOURCE_ROOT; };
		F00DAA3E249B78BF001A70BC /* WelcomeViewController.swift */ = {isa = PBXFileReference; lastKnownFileType = sourcecode.swift; path = WelcomeViewController.swift; sourceTree = "<group>"; };
		F00DAA3F249B78BF001A70BC /* WelcomeViewController.xib */ = {isa = PBXFileReference; lastKnownFileType = file.xib; path = WelcomeViewController.xib; sourceTree = "<group>"; };
		F00DAA46249B7980001A70BC /* SearchViewController.swift */ = {isa = PBXFileReference; lastKnownFileType = sourcecode.swift; path = SearchViewController.swift; sourceTree = "<group>"; };
		F00DAA47249B7980001A70BC /* SearchViewController.xib */ = {isa = PBXFileReference; lastKnownFileType = file.xib; path = SearchViewController.xib; sourceTree = "<group>"; };
		F00DAA4A249B7990001A70BC /* FavoritesViewController.swift */ = {isa = PBXFileReference; lastKnownFileType = sourcecode.swift; path = FavoritesViewController.swift; sourceTree = "<group>"; };
		F00DAA4B249B7990001A70BC /* FavoritesViewController.xib */ = {isa = PBXFileReference; lastKnownFileType = file.xib; path = FavoritesViewController.xib; sourceTree = "<group>"; };
		F01685BB249CB7E2006BE5C9 /* Meal.swift */ = {isa = PBXFileReference; fileEncoding = 4; lastKnownFileType = sourcecode.swift; path = Meal.swift; sourceTree = "<group>"; };
		F01685BD249CC650006BE5C9 /* Networking.swift */ = {isa = PBXFileReference; lastKnownFileType = sourcecode.swift; path = Networking.swift; sourceTree = "<group>"; };

		F01FA20C24B02E2300A2D6FF /* FavoritesTableViewCell.swift */ = {isa = PBXFileReference; lastKnownFileType = sourcecode.swift; path = FavoritesTableViewCell.swift; sourceTree = "<group>"; };
		F01FA20D24B02E2300A2D6FF /* FavoritesTableViewCell.xib */ = {isa = PBXFileReference; lastKnownFileType = file.xib; path = FavoritesTableViewCell.xib; sourceTree = "<group>"; };
		F01FA21024B068D900A2D6FF /* FavoritesViewModel.swift */ = {isa = PBXFileReference; lastKnownFileType = sourcecode.swift; path = FavoritesViewModel.swift; sourceTree = "<group>"; };
		F01FA21224B068ED00A2D6FF /* FavoritesTableViewModel.swift */ = {isa = PBXFileReference; lastKnownFileType = sourcecode.swift; path = FavoritesTableViewModel.swift; sourceTree = "<group>"; };

		F02FE51E24AEDFC300B03D21 /* MealRealm.swift */ = {isa = PBXFileReference; lastKnownFileType = sourcecode.swift; path = MealRealm.swift; sourceTree = "<group>"; };
		F0383C1D24C5508800CA9834 /* InfoTableViewModel.swift */ = {isa = PBXFileReference; fileEncoding = 4; lastKnownFileType = sourcecode.swift; path = InfoTableViewModel.swift; sourceTree = "<group>"; };
		F06908F524A4668E006D9603 /* DetailMealViewController.swift */ = {isa = PBXFileReference; lastKnownFileType = sourcecode.swift; path = DetailMealViewController.swift; sourceTree = "<group>"; };
		F06908F624A4668E006D9603 /* DetailMealViewController.xib */ = {isa = PBXFileReference; lastKnownFileType = file.xib; path = DetailMealViewController.xib; sourceTree = "<group>"; };
		F06908F924A466B6006D9603 /* DetailMealViewModel.swift */ = {isa = PBXFileReference; lastKnownFileType = sourcecode.swift; path = DetailMealViewModel.swift; sourceTree = "<group>"; };
		F069090224A47C7A006D9603 /* InfoTableViewCell.swift */ = {isa = PBXFileReference; lastKnownFileType = sourcecode.swift; path = InfoTableViewCell.swift; sourceTree = "<group>"; };
		F069090324A47C7A006D9603 /* InfoTableViewCell.xib */ = {isa = PBXFileReference; lastKnownFileType = file.xib; path = InfoTableViewCell.xib; sourceTree = "<group>"; };
		F069090624A47C89006D9603 /* ImageTableViewCell.swift */ = {isa = PBXFileReference; lastKnownFileType = sourcecode.swift; path = ImageTableViewCell.swift; sourceTree = "<group>"; };
		F069090724A47C89006D9603 /* ImageTableViewCell.xib */ = {isa = PBXFileReference; lastKnownFileType = file.xib; path = ImageTableViewCell.xib; sourceTree = "<group>"; };
		F069092024A49032006D9603 /* DetailMealTableViewCellViewModel.swift */ = {isa = PBXFileReference; lastKnownFileType = sourcecode.swift; path = DetailMealTableViewCellViewModel.swift; sourceTree = "<group>"; };
		F069092224AAED95006D9603 /* UIViewControllerExt.swift */ = {isa = PBXFileReference; lastKnownFileType = sourcecode.swift; path = UIViewControllerExt.swift; sourceTree = "<group>"; };
		F069092424AB2C12006D9603 /* VideoTableViewCell.xib */ = {isa = PBXFileReference; fileEncoding = 4; lastKnownFileType = file.xib; path = VideoTableViewCell.xib; sourceTree = "<group>"; };
		F069092524AB2C12006D9603 /* VideoTableViewCell.swift */ = {isa = PBXFileReference; fileEncoding = 4; lastKnownFileType = sourcecode.swift; path = VideoTableViewCell.swift; sourceTree = "<group>"; };
		F069092824AB2C20006D9603 /* InstructionsTableViewCell.swift */ = {isa = PBXFileReference; fileEncoding = 4; lastKnownFileType = sourcecode.swift; path = InstructionsTableViewCell.swift; sourceTree = "<group>"; };
		F069092924AB2C20006D9603 /* InstructionsTableViewCell.xib */ = {isa = PBXFileReference; fileEncoding = 4; lastKnownFileType = file.xib; path = InstructionsTableViewCell.xib; sourceTree = "<group>"; };
		F069092C24AB2C2C006D9603 /* IngredientMeasureTableViewCell.xib */ = {isa = PBXFileReference; fileEncoding = 4; lastKnownFileType = file.xib; path = IngredientMeasureTableViewCell.xib; sourceTree = "<group>"; };
		F069092D24AB2C2C006D9603 /* IngredientMeasureTableViewCell.swift */ = {isa = PBXFileReference; fileEncoding = 4; lastKnownFileType = sourcecode.swift; path = IngredientMeasureTableViewCell.swift; sourceTree = "<group>"; };
		F069093424AB2C4E006D9603 /* SourceLinkTableViewCell.xib */ = {isa = PBXFileReference; fileEncoding = 4; lastKnownFileType = file.xib; path = SourceLinkTableViewCell.xib; sourceTree = "<group>"; };
		F069093524AB2C4E006D9603 /* SourceLinkTableViewCell.swift */ = {isa = PBXFileReference; fileEncoding = 4; lastKnownFileType = sourcecode.swift; path = SourceLinkTableViewCell.swift; sourceTree = "<group>"; };
		F069093824AB2C90006D9603 /* DetailMealCountryViewController.swift */ = {isa = PBXFileReference; fileEncoding = 4; lastKnownFileType = sourcecode.swift; path = DetailMealCountryViewController.swift; sourceTree = "<group>"; };
		F069093924AB2C90006D9603 /* DetailMealCountryViewModel.swift */ = {isa = PBXFileReference; fileEncoding = 4; lastKnownFileType = sourcecode.swift; path = DetailMealCountryViewModel.swift; sourceTree = "<group>"; };
		F069093A24AB2C90006D9603 /* DetailMealCountryViewController.xib */ = {isa = PBXFileReference; fileEncoding = 4; lastKnownFileType = file.xib; path = DetailMealCountryViewController.xib; sourceTree = "<group>"; };
		F069093F24AC2157006D9603 /* OtherFoodTableViewCell.swift */ = {isa = PBXFileReference; lastKnownFileType = sourcecode.swift; path = OtherFoodTableViewCell.swift; sourceTree = "<group>"; };
		F069094024AC2157006D9603 /* OtherFoodTableViewCell.xib */ = {isa = PBXFileReference; lastKnownFileType = file.xib; path = OtherFoodTableViewCell.xib; sourceTree = "<group>"; };
		F069094324AC2B6F006D9603 /* OtherFoodCellViewModel.swift */ = {isa = PBXFileReference; lastKnownFileType = sourcecode.swift; path = OtherFoodCellViewModel.swift; sourceTree = "<group>"; };
		F0BE18DD249B613A004FA5AB /* NSURL.swift */ = {isa = PBXFileReference; fileEncoding = 4; lastKnownFileType = sourcecode.swift; path = NSURL.swift; sourceTree = "<group>"; };
		F0BE18DF249B617F004FA5AB /* Api.swift */ = {isa = PBXFileReference; fileEncoding = 4; lastKnownFileType = sourcecode.swift; path = Api.swift; sourceTree = "<group>"; };
		F0BE18E1249B6264004FA5AB /* StringExt.swift */ = {isa = PBXFileReference; lastKnownFileType = sourcecode.swift; path = StringExt.swift; sourceTree = "<group>"; };
		F0BE18E3249B65E6004FA5AB /* DataExt.swift */ = {isa = PBXFileReference; lastKnownFileType = sourcecode.swift; path = DataExt.swift; sourceTree = "<group>"; };
		F0F4BD8B24A04E19000A2CD0 /* HomeCellCategoryViewModel.swift */ = {isa = PBXFileReference; lastKnownFileType = sourcecode.swift; path = HomeCellCategoryViewModel.swift; sourceTree = "<group>"; };
		F0F4BD8D24A04FA8000A2CD0 /* HomeCategoryViewModel.swift */ = {isa = PBXFileReference; fileEncoding = 4; lastKnownFileType = sourcecode.swift; path = HomeCategoryViewModel.swift; sourceTree = "<group>"; };
		F0F4BD9124A05676000A2CD0 /* CategoryMeal.swift */ = {isa = PBXFileReference; lastKnownFileType = sourcecode.swift; path = CategoryMeal.swift; sourceTree = "<group>"; };
		F0F4BDBB24A1A850000A2CD0 /* CountryViewController.xib */ = {isa = PBXFileReference; fileEncoding = 4; lastKnownFileType = file.xib; path = CountryViewController.xib; sourceTree = "<group>"; };
		F0F4BDBC24A1A850000A2CD0 /* CountryViewController.swift */ = {isa = PBXFileReference; fileEncoding = 4; lastKnownFileType = sourcecode.swift; path = CountryViewController.swift; sourceTree = "<group>"; };
		F0F4BDBF24A1AFB8000A2CD0 /* CountryViewModel.swift */ = {isa = PBXFileReference; lastKnownFileType = sourcecode.swift; path = CountryViewModel.swift; sourceTree = "<group>"; };
		F0F4BDC224A1B076000A2CD0 /* CountryCollectionViewCell.swift */ = {isa = PBXFileReference; lastKnownFileType = sourcecode.swift; path = CountryCollectionViewCell.swift; sourceTree = "<group>"; };
		F0F4BDC324A1B076000A2CD0 /* CountryCollectionViewCell.xib */ = {isa = PBXFileReference; lastKnownFileType = file.xib; path = CountryCollectionViewCell.xib; sourceTree = "<group>"; };
		F0F4BDC624A1B0AE000A2CD0 /* CountryCellViewModel.swift */ = {isa = PBXFileReference; lastKnownFileType = sourcecode.swift; path = CountryCellViewModel.swift; sourceTree = "<group>"; };
		F0F4BDCC24A1EB12000A2CD0 /* DetailCategoryTableViewCell.swift */ = {isa = PBXFileReference; fileEncoding = 4; lastKnownFileType = sourcecode.swift; path = DetailCategoryTableViewCell.swift; sourceTree = "<group>"; };
		F0F4BDCD24A1EB12000A2CD0 /* DetailCategoryCollectionViewCell.xib */ = {isa = PBXFileReference; fileEncoding = 4; lastKnownFileType = file.xib; path = DetailCategoryCollectionViewCell.xib; sourceTree = "<group>"; };
		F0F4BDCE24A1EB12000A2CD0 /* DetailCategoryCollectionViewCell.swift */ = {isa = PBXFileReference; fileEncoding = 4; lastKnownFileType = sourcecode.swift; path = DetailCategoryCollectionViewCell.swift; sourceTree = "<group>"; };
		F0F4BDCF24A1EB12000A2CD0 /* DetailCategoryCellViewModel.swift */ = {isa = PBXFileReference; fileEncoding = 4; lastKnownFileType = sourcecode.swift; path = DetailCategoryCellViewModel.swift; sourceTree = "<group>"; };
		F0F4BDD024A1EB12000A2CD0 /* DetailCategoryTableViewCell.xib */ = {isa = PBXFileReference; fileEncoding = 4; lastKnownFileType = file.xib; path = DetailCategoryTableViewCell.xib; sourceTree = "<group>"; };
		F0F4BDD124A1EB12000A2CD0 /* DetailCategoryViewModel.swift */ = {isa = PBXFileReference; fileEncoding = 4; lastKnownFileType = sourcecode.swift; path = DetailCategoryViewModel.swift; sourceTree = "<group>"; };
		F0F4BDD224A1EB12000A2CD0 /* DetailCategoryViewController.swift */ = {isa = PBXFileReference; fileEncoding = 4; lastKnownFileType = sourcecode.swift; path = DetailCategoryViewController.swift; sourceTree = "<group>"; };
		F0F4BDD324A1EB12000A2CD0 /* DetailCategoryViewController.xib */ = {isa = PBXFileReference; fileEncoding = 4; lastKnownFileType = file.xib; path = DetailCategoryViewController.xib; sourceTree = "<group>"; };
		F0F4BDDE24A2168F000A2CD0 /* ItemArray.swift */ = {isa = PBXFileReference; lastKnownFileType = sourcecode.swift; path = ItemArray.swift; sourceTree = "<group>"; };
		F0F746F6249C4D1B002BDE15 /* HomeCategoryViewController.swift */ = {isa = PBXFileReference; lastKnownFileType = sourcecode.swift; path = HomeCategoryViewController.swift; sourceTree = "<group>"; };
		F0F746F7249C4D1B002BDE15 /* HomeCategoryViewController.xib */ = {isa = PBXFileReference; lastKnownFileType = file.xib; path = HomeCategoryViewController.xib; sourceTree = "<group>"; };
		F0F746FB249C4E31002BDE15 /* HomeCategoryCollectionViewCell.swift */ = {isa = PBXFileReference; lastKnownFileType = sourcecode.swift; path = HomeCategoryCollectionViewCell.swift; sourceTree = "<group>"; };
		F0F746FC249C4E31002BDE15 /* HomeCategoryCollectionViewCell.xib */ = {isa = PBXFileReference; lastKnownFileType = file.xib; path = HomeCategoryCollectionViewCell.xib; sourceTree = "<group>"; };
/* End PBXFileReference section */

/* Begin PBXFrameworksBuildPhase section */
		D10B9085249B19F2003E0A85 /* Frameworks */ = {
			isa = PBXFrameworksBuildPhase;
			buildActionMask = 2147483647;
			files = (
				63151371A711FABE557463B8 /* Pods_FinalProject.framework in Frameworks */,
			);
			runOnlyForDeploymentPostprocessing = 0;
		};
		D10B909B249B19FA003E0A85 /* Frameworks */ = {
			isa = PBXFrameworksBuildPhase;
			buildActionMask = 2147483647;
			files = (
			);
			runOnlyForDeploymentPostprocessing = 0;
		};
		D10B90A6249B19FA003E0A85 /* Frameworks */ = {
			isa = PBXFrameworksBuildPhase;
			buildActionMask = 2147483647;
			files = (
			);
			runOnlyForDeploymentPostprocessing = 0;
		};
/* End PBXFrameworksBuildPhase section */

/* Begin PBXGroup section */
		2EAAB1597525F367BA51FE0E /* Pods */ = {
			isa = PBXGroup;
			children = (
				71DFB99B885F73AA0CAB7C44 /* Pods-FinalProject.debug.xcconfig */,
				C457CDE7FE39E7C321A18E9D /* Pods-FinalProject.release.xcconfig */,
			);
			path = Pods;
			sourceTree = "<group>";
		};
		CA0273D86EB1AA06B0C3BF0A /* Frameworks */ = {
			isa = PBXGroup;
			children = (
				183A6AAA8932E0B3847F121B /* Pods_FinalProject.framework */,
			);
			name = Frameworks;
			sourceTree = "<group>";
		};
		D10B907F249B19F2003E0A85 = {
			isa = PBXGroup;
			children = (
				D10B908A249B19F2003E0A85 /* FinalProject */,
				D10B90A1249B19FA003E0A85 /* FinalProjectTests */,
				D10B90AC249B19FA003E0A85 /* FinalProjectUITests */,
				D10B9089249B19F2003E0A85 /* Products */,
				2EAAB1597525F367BA51FE0E /* Pods */,
				CA0273D86EB1AA06B0C3BF0A /* Frameworks */,
			);
			sourceTree = "<group>";
		};
		D10B9089249B19F2003E0A85 /* Products */ = {
			isa = PBXGroup;
			children = (
				D10B9088249B19F2003E0A85 /* FinalProject.app */,
				D10B909E249B19FA003E0A85 /* FinalProjectTests.xctest */,
				D10B90A9249B19FA003E0A85 /* FinalProjectUITests.xctest */,
			);
			name = Products;
			sourceTree = "<group>";
		};
		D10B908A249B19F2003E0A85 /* FinalProject */ = {
			isa = PBXGroup;
			children = (
				D10B90BB249B1C56003E0A85 /* Define */,
				D10B90BC249B1C66003E0A85 /* Library */,
				D10B90BD249B1C71003E0A85 /* Model */,
				D10B9093249B19FA003E0A85 /* Preview Content */,
				D10B90BE249B1C79003E0A85 /* Resources */,
				D10B90BF249B1C83003E0A85 /* Supports */,
				D10B90C0249B1C8F003E0A85 /* View */,
			);
			path = FinalProject;
			sourceTree = "<group>";
		};
		D10B9093249B19FA003E0A85 /* Preview Content */ = {
			isa = PBXGroup;
			children = (
				D10B9094249B19FA003E0A85 /* Preview Assets.xcassets */,
			);
			path = "Preview Content";
			sourceTree = "<group>";
		};
		D10B90A1249B19FA003E0A85 /* FinalProjectTests */ = {
			isa = PBXGroup;
			children = (
				D10B90A2249B19FA003E0A85 /* FinalProjectTests.swift */,
				D10B90A4249B19FA003E0A85 /* Info.plist */,
			);
			path = FinalProjectTests;
			sourceTree = "<group>";
		};
		D10B90AC249B19FA003E0A85 /* FinalProjectUITests */ = {
			isa = PBXGroup;
			children = (
				D10B90AD249B19FA003E0A85 /* FinalProjectUITests.swift */,
				D10B90AF249B19FA003E0A85 /* Info.plist */,
			);
			path = FinalProjectUITests;
			sourceTree = "<group>";
		};
		D10B90BB249B1C56003E0A85 /* Define */ = {
			isa = PBXGroup;
			children = (
				D10B90CD249B1DD5003E0A85 /* App.swift */,
				D10B90D1249B1DD5003E0A85 /* Color.swift */,
				D10B90D0249B1DD5003E0A85 /* Configuration.swift */,
				D10B90D4249B1DD5003E0A85 /* Font.swift */,
				D10B90D2249B1DD5003E0A85 /* Measurement.swift */,
				D10B90CC249B1DD5003E0A85 /* String.swift */,
				F0F4BDDE24A2168F000A2CD0 /* ItemArray.swift */,
			);
			path = Define;
			sourceTree = "<group>";
		};
		D10B90BC249B1C66003E0A85 /* Library */ = {
			isa = PBXGroup;
			children = (
				D10B90C4249B1CD4003E0A85 /* Ext */,
				D10B90C5249B1CEC003E0A85 /* Utils */,
			);
			path = Library;
			sourceTree = "<group>";
		};
		D10B90BD249B1C71003E0A85 /* Model */ = {
			isa = PBXGroup;
			children = (
				D10B90E3249B1FD7003E0A85 /* API */,
				D10B9187249B1FD8003E0A85 /* Common */,
				D10B911E249B1FD7003E0A85 /* Manager */,
				D10B912A249B1FD7003E0A85 /* Schema */,
			);
			path = Model;
			sourceTree = "<group>";
		};
		D10B90BE249B1C79003E0A85 /* Resources */ = {
			isa = PBXGroup;
			children = (
				D10B9091249B19FA003E0A85 /* Assets.xcassets */,
			);
			path = Resources;
			sourceTree = "<group>";
		};
		D10B90BF249B1C83003E0A85 /* Supports */ = {
			isa = PBXGroup;
			children = (
				D10B9099249B19FA003E0A85 /* Info.plist */,
			);
			path = Supports;
			sourceTree = "<group>";
		};
		D10B90C0249B1C8F003E0A85 /* View */ = {
			isa = PBXGroup;
			children = (
				D10B908B249B19F2003E0A85 /* AppDelegate.swift */,
				D10B908F249B19F2003E0A85 /* ContentView.swift */,
				D10B908D249B19F2003E0A85 /* SceneDelegate.swift */,
				D10B90C3249B1CB9003E0A85 /* CustomView */,
				D10B90C2249B1CAF003E0A85 /* Controller */,
				D10B90C1249B1C9C003E0A85 /* Base */,
			);
			path = View;
			sourceTree = "<group>";
		};
		D10B90C1249B1C9C003E0A85 /* Base */ = {
			isa = PBXGroup;
			children = (
				F00DAA36249B76C6001A70BC /* BaseViewController.swift */,
				F00DAA38249B7714001A70BC /* BaseTabBarViewController.swift */,
			);
			path = Base;
			sourceTree = "<group>";
		};
		D10B90C2249B1CAF003E0A85 /* Controller */ = {
			isa = PBXGroup;
			children = (
				F00DAA3C249B77EB001A70BC /* Favorites */,
				F00DAA3A249B77D7001A70BC /* Home */,
				F00DAA3B249B77E3001A70BC /* Search */,
				F00DAA3D249B7803001A70BC /* Welcome */,
			);
			path = Controller;
			sourceTree = "<group>";
		};
		D10B90C3249B1CB9003E0A85 /* CustomView */ = {
			isa = PBXGroup;
			children = (
			);
			path = CustomView;
			sourceTree = "<group>";
		};
		D10B90C4249B1CD4003E0A85 /* Ext */ = {
			isa = PBXGroup;
			children = (
				F0BE18DD249B613A004FA5AB /* NSURL.swift */,
				D10B90C8249B1DC8003E0A85 /* UIViewExt.swift */,
				D10B90E1249B1EFC003E0A85 /* UITableViewExt.swift */,
				F0BE18E1249B6264004FA5AB /* StringExt.swift */,
				F0BE18E3249B65E6004FA5AB /* DataExt.swift */,
				F069092224AAED95006D9603 /* UIViewControllerExt.swift */,
			);
			path = Ext;
			sourceTree = "<group>";
		};
		D10B90C5249B1CEC003E0A85 /* Utils */ = {
			isa = PBXGroup;
			children = (
				D10B90C6249B1DBE003E0A85 /* Ratio.swift */,
			);
			path = Utils;
			sourceTree = "<group>";
		};
		D10B90E3249B1FD7003E0A85 /* API */ = {
			isa = PBXGroup;
			children = (
				D10B90E4249B1FD7003E0A85 /* Core */,
				D10B90EA249B1FD7003E0A85 /* Request */,
			);
			path = API;
			sourceTree = "<group>";
		};
		D10B90E4249B1FD7003E0A85 /* Core */ = {
			isa = PBXGroup;
			children = (
				F0BE18DF249B617F004FA5AB /* Api.swift */,
				D10B90E7249B1FD7003E0A85 /* ApiManager.swift */,
				D10B90E6249B1FD7003E0A85 /* Error.swift */,
				D10B90E5249B1FD7003E0A85 /* RequestSerializer.swift */,
				D10B90E8249B1FD7003E0A85 /* ResponseSerializer.swift */,
				F01685BD249CC650006BE5C9 /* Networking.swift */,
			);
			path = Core;
			sourceTree = "<group>";
		};
		D10B90EA249B1FD7003E0A85 /* Request */ = {
			isa = PBXGroup;
			children = (
			);
			path = Request;
			sourceTree = "<group>";
		};
		D10B911E249B1FD7003E0A85 /* Manager */ = {
			isa = PBXGroup;
			children = (
			);
			path = Manager;
			sourceTree = "<group>";
		};
		D10B912A249B1FD7003E0A85 /* Schema */ = {
			isa = PBXGroup;
			children = (
				F01685BB249CB7E2006BE5C9 /* Meal.swift */,
				F02FE51E24AEDFC300B03D21 /* MealRealm.swift */,
				F0F4BD9124A05676000A2CD0 /* CategoryMeal.swift */,
			);
			path = Schema;
			sourceTree = "<group>";
		};
		D10B9187249B1FD8003E0A85 /* Common */ = {
			isa = PBXGroup;
			children = (
			);
			path = Common;
			sourceTree = "<group>";
		};
		F00DAA3A249B77D7001A70BC /* Home */ = {
			isa = PBXGroup;
			children = (
				F0F746F0249C4CC5002BDE15 /* CategoryController */,
				F0F4BDBA24A1A850000A2CD0 /* CountryController */,
				F06908F324A465BD006D9603 /* DetailMealController */,
				F0F4BDCA24A1EB12000A2CD0 /* MealDetailCategoryController */,
				F0F4BDE024A2E6F5000A2CD0 /* MealDetailCountryController */,
			);
			path = Home;
			sourceTree = "<group>";
		};
		F00DAA3B249B77E3001A70BC /* Search */ = {
			isa = PBXGroup;
			children = (
				F00DAA46249B7980001A70BC /* SearchViewController.swift */,
				F00DAA47249B7980001A70BC /* SearchViewController.xib */,
			);
			path = Search;
			sourceTree = "<group>";
		};
		F00DAA3C249B77EB001A70BC /* Favorites */ = {
			isa = PBXGroup;
			children = (
				F01FA20B24B02D9500A2D6FF /* Cells */,
				F00DAA4A249B7990001A70BC /* FavoritesViewController.swift */,
				F00DAA4B249B7990001A70BC /* FavoritesViewController.xib */,
				F01FA21024B068D900A2D6FF /* FavoritesViewModel.swift */,
			);
			path = Favorites;
			sourceTree = "<group>";
		};
		F00DAA3D249B7803001A70BC /* Welcome */ = {
			isa = PBXGroup;
			children = (
				F00DAA3E249B78BF001A70BC /* WelcomeViewController.swift */,
				F00DAA3F249B78BF001A70BC /* WelcomeViewController.xib */,
			);
			path = Welcome;
			sourceTree = "<group>";
		};

		F01FA20B24B02D9500A2D6FF /* Cells */ = {
			isa = PBXGroup;
			children = (
				F01FA20C24B02E2300A2D6FF /* FavoritesTableViewCell.swift */,
				F01FA20D24B02E2300A2D6FF /* FavoritesTableViewCell.xib */,
				F01FA21224B068ED00A2D6FF /* FavoritesTableViewModel.swift */,
			);
			path = Cells;
			sourceTree = "<group>";
		};
		F02FE50824AD774000B03D21 /* SideMenuController */ = {
			isa = PBXGroup;
			children = (
				F02FE50D24AD78B500B03D21 /* cells */,
				F02FE50E24AD78D500B03D21 /* SideMenuTableViewController.swift */,
				F02FE50F24AD78D500B03D21 /* SideMenuTableViewController.xib */,
			);
			path = SideMenuController;
			sourceTree = "<group>";
		};
		F02FE50D24AD78B500B03D21 /* cells */ = {
			isa = PBXGroup;
			children = (
				F02FE51224AD78E700B03D21 /* SideMenuTableViewCell.swift */,
				F02FE51324AD78E700B03D21 /* SideMenuTableViewCell.xib */,
				F02FE51A24ADDDF900B03D21 /* LogoMenuTableViewCell.swift */,
				F02FE51B24ADDDF900B03D21 /* LogoMenuTableViewCell.xib */,
			);
			path = cells;
			sourceTree = "<group>";
		};

		F06908F324A465BD006D9603 /* DetailMealController */ = {
			isa = PBXGroup;
			children = (
				F06908F424A465FD006D9603 /* Cells */,
				F06908F524A4668E006D9603 /* DetailMealViewController.swift */,
				F06908F624A4668E006D9603 /* DetailMealViewController.xib */,
				F06908F924A466B6006D9603 /* DetailMealViewModel.swift */,
			);
			path = DetailMealController;
			sourceTree = "<group>";
		};
		F06908F424A465FD006D9603 /* Cells */ = {
			isa = PBXGroup;
			children = (
				F069093E24AC212A006D9603 /* OrtherFood */,
				F069090124A4671A006D9603 /* SourceLink */,
				F06908FF24A46710006D9603 /* IngredientAndMeasure */,
				F06908FE24A466D7006D9603 /* Instructions */,
				F06908FD24A466D2006D9603 /* Video */,
				F06908FB24A466B9006D9603 /* Image */,
				F06908FC24A466BD006D9603 /* Info */,
				F069092024A49032006D9603 /* DetailMealTableViewCellViewModel.swift */,
			);
			path = Cells;
			sourceTree = "<group>";
		};
		F06908FB24A466B9006D9603 /* Image */ = {
			isa = PBXGroup;
			children = (
				F069090624A47C89006D9603 /* ImageTableViewCell.swift */,
				F069090724A47C89006D9603 /* ImageTableViewCell.xib */,
			);
			path = Image;
			sourceTree = "<group>";
		};
		F06908FC24A466BD006D9603 /* Info */ = {
			isa = PBXGroup;
			children = (
				F069090224A47C7A006D9603 /* InfoTableViewCell.swift */,
				F069090324A47C7A006D9603 /* InfoTableViewCell.xib */,
				F0383C1D24C5508800CA9834 /* InfoTableViewModel.swift */,
			);
			path = Info;
			sourceTree = "<group>";
		};
		F06908FD24A466D2006D9603 /* Video */ = {
			isa = PBXGroup;
			children = (
				F069092524AB2C12006D9603 /* VideoTableViewCell.swift */,
				F069092424AB2C12006D9603 /* VideoTableViewCell.xib */,
			);
			path = Video;
			sourceTree = "<group>";
		};
		F06908FE24A466D7006D9603 /* Instructions */ = {
			isa = PBXGroup;
			children = (
				F069092824AB2C20006D9603 /* InstructionsTableViewCell.swift */,
				F069092924AB2C20006D9603 /* InstructionsTableViewCell.xib */,
			);
			path = Instructions;
			sourceTree = "<group>";
		};
		F06908FF24A46710006D9603 /* IngredientAndMeasure */ = {
			isa = PBXGroup;
			children = (
				F069092D24AB2C2C006D9603 /* IngredientMeasureTableViewCell.swift */,
				F069092C24AB2C2C006D9603 /* IngredientMeasureTableViewCell.xib */,
			);
			path = IngredientAndMeasure;
			sourceTree = "<group>";
		};
		F069090124A4671A006D9603 /* SourceLink */ = {
			isa = PBXGroup;
			children = (
				F069093524AB2C4E006D9603 /* SourceLinkTableViewCell.swift */,
				F069093424AB2C4E006D9603 /* SourceLinkTableViewCell.xib */,
			);
			path = SourceLink;
			sourceTree = "<group>";
		};
		F069093E24AC212A006D9603 /* OrtherFood */ = {
			isa = PBXGroup;
			children = (
				F069093F24AC2157006D9603 /* OtherFoodTableViewCell.swift */,
				F069094024AC2157006D9603 /* OtherFoodTableViewCell.xib */,
				F069094324AC2B6F006D9603 /* OtherFoodCellViewModel.swift */,
			);
			path = OrtherFood;
			sourceTree = "<group>";
		};
		F0F4BDBA24A1A850000A2CD0 /* CountryController */ = {
			isa = PBXGroup;
			children = (
				F0F4BDC124A1B00C000A2CD0 /* cells */,
				F0F4BDBC24A1A850000A2CD0 /* CountryViewController.swift */,
				F0F4BDBB24A1A850000A2CD0 /* CountryViewController.xib */,
				F0F4BDBF24A1AFB8000A2CD0 /* CountryViewModel.swift */,
			);
			path = CountryController;
			sourceTree = "<group>";
		};
		F0F4BDC124A1B00C000A2CD0 /* cells */ = {
			isa = PBXGroup;
			children = (
				F0F4BDC224A1B076000A2CD0 /* CountryCollectionViewCell.swift */,
				F0F4BDC324A1B076000A2CD0 /* CountryCollectionViewCell.xib */,
				F0F4BDC624A1B0AE000A2CD0 /* CountryCellViewModel.swift */,
			);
			path = cells;
			sourceTree = "<group>";
		};
		F0F4BDCA24A1EB12000A2CD0 /* MealDetailCategoryController */ = {
			isa = PBXGroup;
			children = (
				F0F4BDCB24A1EB12000A2CD0 /* Cells */,
				F0F4BDD124A1EB12000A2CD0 /* DetailCategoryViewModel.swift */,
				F0F4BDD224A1EB12000A2CD0 /* DetailCategoryViewController.swift */,
				F0F4BDD324A1EB12000A2CD0 /* DetailCategoryViewController.xib */,
			);
			path = MealDetailCategoryController;
			sourceTree = "<group>";
		};
		F0F4BDCB24A1EB12000A2CD0 /* Cells */ = {
			isa = PBXGroup;
			children = (
				F0F4BDCD24A1EB12000A2CD0 /* DetailCategoryCollectionViewCell.xib */,
				F0F4BDCE24A1EB12000A2CD0 /* DetailCategoryCollectionViewCell.swift */,
				F0F4BDCF24A1EB12000A2CD0 /* DetailCategoryCellViewModel.swift */,
				F0F4BDCC24A1EB12000A2CD0 /* DetailCategoryTableViewCell.swift */,
				F0F4BDD024A1EB12000A2CD0 /* DetailCategoryTableViewCell.xib */,
			);
			path = Cells;
			sourceTree = "<group>";
		};
		F0F4BDE024A2E6F5000A2CD0 /* MealDetailCountryController */ = {
			isa = PBXGroup;
			children = (
				F069093824AB2C90006D9603 /* DetailMealCountryViewController.swift */,
				F069093A24AB2C90006D9603 /* DetailMealCountryViewController.xib */,
				F069093924AB2C90006D9603 /* DetailMealCountryViewModel.swift */,
			);
			path = MealDetailCountryController;
			sourceTree = "<group>";
		};
		F0F746F0249C4CC5002BDE15 /* CategoryController */ = {
			isa = PBXGroup;
			children = (
				F0F746FA249C4D84002BDE15 /* Cells */,
				F0F746F6249C4D1B002BDE15 /* HomeCategoryViewController.swift */,
				F0F746F7249C4D1B002BDE15 /* HomeCategoryViewController.xib */,
				F0F4BD8D24A04FA8000A2CD0 /* HomeCategoryViewModel.swift */,
			);
			path = CategoryController;
			sourceTree = "<group>";
		};
		F0F746FA249C4D84002BDE15 /* Cells */ = {
			isa = PBXGroup;
			children = (
				F0F746FB249C4E31002BDE15 /* HomeCategoryCollectionViewCell.swift */,
				F0F746FC249C4E31002BDE15 /* HomeCategoryCollectionViewCell.xib */,
				F0F4BD8B24A04E19000A2CD0 /* HomeCellCategoryViewModel.swift */,
			);
			path = Cells;
			sourceTree = "<group>";
		};
/* End PBXGroup section */

/* Begin PBXNativeTarget section */
		D10B9087249B19F2003E0A85 /* FinalProject */ = {
			isa = PBXNativeTarget;
			buildConfigurationList = D10B90B2249B19FA003E0A85 /* Build configuration list for PBXNativeTarget "FinalProject" */;
			buildPhases = (
				F63FB33734F2A6887A3DCF87 /* [CP] Check Pods Manifest.lock */,
				D10B9084249B19F2003E0A85 /* Sources */,
				D10B9085249B19F2003E0A85 /* Frameworks */,
				D10B9086249B19F2003E0A85 /* Resources */,
				D1AD772340DBAD80D9C6306C /* [CP] Embed Pods Frameworks */,
			);
			buildRules = (
			);
			dependencies = (
			);
			name = FinalProject;
			productName = FinalProject;
			productReference = D10B9088249B19F2003E0A85 /* FinalProject.app */;
			productType = "com.apple.product-type.application";
		};
		D10B909D249B19FA003E0A85 /* FinalProjectTests */ = {
			isa = PBXNativeTarget;
			buildConfigurationList = D10B90B5249B19FA003E0A85 /* Build configuration list for PBXNativeTarget "FinalProjectTests" */;
			buildPhases = (
				D10B909A249B19FA003E0A85 /* Sources */,
				D10B909B249B19FA003E0A85 /* Frameworks */,
				D10B909C249B19FA003E0A85 /* Resources */,
			);
			buildRules = (
			);
			dependencies = (
				D10B90A0249B19FA003E0A85 /* PBXTargetDependency */,
			);
			name = FinalProjectTests;
			productName = FinalProjectTests;
			productReference = D10B909E249B19FA003E0A85 /* FinalProjectTests.xctest */;
			productType = "com.apple.product-type.bundle.unit-test";
		};
		D10B90A8249B19FA003E0A85 /* FinalProjectUITests */ = {
			isa = PBXNativeTarget;
			buildConfigurationList = D10B90B8249B19FA003E0A85 /* Build configuration list for PBXNativeTarget "FinalProjectUITests" */;
			buildPhases = (
				D10B90A5249B19FA003E0A85 /* Sources */,
				D10B90A6249B19FA003E0A85 /* Frameworks */,
				D10B90A7249B19FA003E0A85 /* Resources */,
			);
			buildRules = (
			);
			dependencies = (
				D10B90AB249B19FA003E0A85 /* PBXTargetDependency */,
			);
			name = FinalProjectUITests;
			productName = FinalProjectUITests;
			productReference = D10B90A9249B19FA003E0A85 /* FinalProjectUITests.xctest */;
			productType = "com.apple.product-type.bundle.ui-testing";
		};
/* End PBXNativeTarget section */

/* Begin PBXProject section */
		D10B9080249B19F2003E0A85 /* Project object */ = {
			isa = PBXProject;
			attributes = {
				LastSwiftUpdateCheck = 1130;
				LastUpgradeCheck = 1130;
				ORGANIZATIONNAME = "Thinh Nguyen X";
				TargetAttributes = {
					D10B9087249B19F2003E0A85 = {
						CreatedOnToolsVersion = 11.3.1;
					};
					D10B909D249B19FA003E0A85 = {
						CreatedOnToolsVersion = 11.3.1;
						TestTargetID = D10B9087249B19F2003E0A85;
					};
					D10B90A8249B19FA003E0A85 = {
						CreatedOnToolsVersion = 11.3.1;
						TestTargetID = D10B9087249B19F2003E0A85;
					};
				};
			};
			buildConfigurationList = D10B9083249B19F2003E0A85 /* Build configuration list for PBXProject "FinalProject" */;
			compatibilityVersion = "Xcode 9.3";
			developmentRegion = en;
			hasScannedForEncodings = 0;
			knownRegions = (
				en,
				Base,
			);
			mainGroup = D10B907F249B19F2003E0A85;
			productRefGroup = D10B9089249B19F2003E0A85 /* Products */;
			projectDirPath = "";
			projectRoot = "";
			targets = (
				D10B9087249B19F2003E0A85 /* FinalProject */,
				D10B909D249B19FA003E0A85 /* FinalProjectTests */,
				D10B90A8249B19FA003E0A85 /* FinalProjectUITests */,
			);
		};
/* End PBXProject section */

/* Begin PBXResourcesBuildPhase section */
		D10B9086249B19F2003E0A85 /* Resources */ = {
			isa = PBXResourcesBuildPhase;
			buildActionMask = 2147483647;
			files = (
				F0F4BDD824A1EB12000A2CD0 /* DetailCategoryTableViewCell.xib in Resources */,
				F0F4BDD524A1EB12000A2CD0 /* DetailCategoryCollectionViewCell.xib in Resources */,
				F069092B24AB2C20006D9603 /* InstructionsTableViewCell.xib in Resources */,
				F0F746F9249C4D1B002BDE15 /* HomeCategoryViewController.xib in Resources */,
				D10B9095249B19FA003E0A85 /* Preview Assets.xcassets in Resources */,
				F069094224AC2157006D9603 /* OtherFoodTableViewCell.xib in Resources */,
				F069092E24AB2C2C006D9603 /* IngredientMeasureTableViewCell.xib in Resources */,
				F06908F824A4668E006D9603 /* DetailMealViewController.xib in Resources */,
				F0F4BDC524A1B076000A2CD0 /* CountryCollectionViewCell.xib in Resources */,
				D10B9092249B19FA003E0A85 /* Assets.xcassets in Resources */,
				F00DAA41249B78BF001A70BC /* WelcomeViewController.xib in Resources */,
				F069093624AB2C4E006D9603 /* SourceLinkTableViewCell.xib in Resources */,
				F069093D24AB2C90006D9603 /* DetailMealCountryViewController.xib in Resources */,
				F0F746FE249C4E31002BDE15 /* HomeCategoryCollectionViewCell.xib in Resources */,
				F069092624AB2C12006D9603 /* VideoTableViewCell.xib in Resources */,
				F069090524A47C7A006D9603 /* InfoTableViewCell.xib in Resources */,
				F0F4BDDB24A1EB12000A2CD0 /* DetailCategoryViewController.xib in Resources */,
				F0F4BDBD24A1A851000A2CD0 /* CountryViewController.xib in Resources */,
				F069090924A47C89006D9603 /* ImageTableViewCell.xib in Resources */,
				F00DAA49249B7980001A70BC /* SearchViewController.xib in Resources */,
				F01FA20F24B02E2300A2D6FF /* FavoritesTableViewCell.xib in Resources */,
				F00DAA4D249B7990001A70BC /* FavoritesViewController.xib in Resources */,
			);
			runOnlyForDeploymentPostprocessing = 0;
		};
		D10B909C249B19FA003E0A85 /* Resources */ = {
			isa = PBXResourcesBuildPhase;
			buildActionMask = 2147483647;
			files = (
			);
			runOnlyForDeploymentPostprocessing = 0;
		};
		D10B90A7249B19FA003E0A85 /* Resources */ = {
			isa = PBXResourcesBuildPhase;
			buildActionMask = 2147483647;
			files = (
			);
			runOnlyForDeploymentPostprocessing = 0;
		};
/* End PBXResourcesBuildPhase section */

/* Begin PBXShellScriptBuildPhase section */
		D1AD772340DBAD80D9C6306C /* [CP] Embed Pods Frameworks */ = {
			isa = PBXShellScriptBuildPhase;
			buildActionMask = 2147483647;
			files = (
			);
			inputFileListPaths = (
				"${PODS_ROOT}/Target Support Files/Pods-FinalProject/Pods-FinalProject-frameworks-${CONFIGURATION}-input-files.xcfilelist",
			);
			name = "[CP] Embed Pods Frameworks";
			outputFileListPaths = (
				"${PODS_ROOT}/Target Support Files/Pods-FinalProject/Pods-FinalProject-frameworks-${CONFIGURATION}-output-files.xcfilelist",
			);
			runOnlyForDeploymentPostprocessing = 0;
			shellPath = /bin/sh;
			shellScript = "\"${PODS_ROOT}/Target Support Files/Pods-FinalProject/Pods-FinalProject-frameworks.sh\"\n";
			showEnvVarsInLog = 0;
		};
		F63FB33734F2A6887A3DCF87 /* [CP] Check Pods Manifest.lock */ = {
			isa = PBXShellScriptBuildPhase;
			buildActionMask = 2147483647;
			files = (
			);
			inputFileListPaths = (
			);
			inputPaths = (
				"${PODS_PODFILE_DIR_PATH}/Podfile.lock",
				"${PODS_ROOT}/Manifest.lock",
			);
			name = "[CP] Check Pods Manifest.lock";
			outputFileListPaths = (
			);
			outputPaths = (
				"$(DERIVED_FILE_DIR)/Pods-FinalProject-checkManifestLockResult.txt",
			);
			runOnlyForDeploymentPostprocessing = 0;
			shellPath = /bin/sh;
			shellScript = "diff \"${PODS_PODFILE_DIR_PATH}/Podfile.lock\" \"${PODS_ROOT}/Manifest.lock\" > /dev/null\nif [ $? != 0 ] ; then\n    # print error to STDERR\n    echo \"error: The sandbox is not in sync with the Podfile.lock. Run 'pod install' or update your CocoaPods installation.\" >&2\n    exit 1\nfi\n# This output is used by Xcode 'outputs' to avoid re-running this script phase.\necho \"SUCCESS\" > \"${SCRIPT_OUTPUT_FILE_0}\"\n";
			showEnvVarsInLog = 0;
		};
/* End PBXShellScriptBuildPhase section */

/* Begin PBXSourcesBuildPhase section */
		D10B9084249B19F2003E0A85 /* Sources */ = {
			isa = PBXSourcesBuildPhase;
			buildActionMask = 2147483647;
			files = (
				F00DAA4C249B7990001A70BC /* FavoritesViewController.swift in Sources */,
				F0F4BDDF24A2168F000A2CD0 /* ItemArray.swift in Sources */,
				D10B908C249B19F2003E0A85 /* AppDelegate.swift in Sources */,
				F069093B24AB2C90006D9603 /* DetailMealCountryViewController.swift in Sources */,
				D10B90E2249B1EFC003E0A85 /* UITableViewExt.swift in Sources */,
				D10B90DE249B1DD5003E0A85 /* Font.swift in Sources */,
				F0BE18E4249B65E6004FA5AB /* DataExt.swift in Sources */,
				F0BE18E0249B6180004FA5AB /* Api.swift in Sources */,
				F0383C1E24C5508800CA9834 /* InfoTableViewModel.swift in Sources */,
				F0F4BDD424A1EB12000A2CD0 /* DetailCategoryTableViewCell.swift in Sources */,
				F0F4BDC024A1AFB9000A2CD0 /* CountryViewModel.swift in Sources */,
				F069090824A47C89006D9603 /* ImageTableViewCell.swift in Sources */,
				F00DAA40249B78BF001A70BC /* WelcomeViewController.swift in Sources */,
				F0F4BDDA24A1EB12000A2CD0 /* DetailCategoryViewController.swift in Sources */,
				F00DAA37249B76C6001A70BC /* BaseViewController.swift in Sources */,
				D10B90DC249B1DD5003E0A85 /* Measurement.swift in Sources */,
				F0F746FD249C4E31002BDE15 /* HomeCategoryCollectionViewCell.swift in Sources */,

				F01FA21124B068D900A2D6FF /* FavoritesViewModel.swift in Sources */,
				F02FE51024AD78D500B03D21 /* SideMenuTableViewController.swift in Sources */,

				F00DAA39249B7714001A70BC /* BaseTabBarViewController.swift in Sources */,
				F069093724AB2C4E006D9603 /* SourceLinkTableViewCell.swift in Sources */,
				F01685BC249CB7E2006BE5C9 /* Meal.swift in Sources */,
				D10B90DB249B1DD5003E0A85 /* Color.swift in Sources */,
				D10B918A249B1FD8003E0A85 /* RequestSerializer.swift in Sources */,
				F0BE18DE249B613A004FA5AB /* NSURL.swift in Sources */,
				F069092A24AB2C20006D9603 /* InstructionsTableViewCell.swift in Sources */,
				F069094124AC2157006D9603 /* OtherFoodTableViewCell.swift in Sources */,
				F0F746F8249C4D1B002BDE15 /* HomeCategoryViewController.swift in Sources */,
				F069092F24AB2C2C006D9603 /* IngredientMeasureTableViewCell.swift in Sources */,
				D10B90C7249B1DBE003E0A85 /* Ratio.swift in Sources */,
				F069092324AAED96006D9603 /* UIViewControllerExt.swift in Sources */,
				D10B918C249B1FD8003E0A85 /* ApiManager.swift in Sources */,
				F00DAA48249B7980001A70BC /* SearchViewController.swift in Sources */,
				D10B90CA249B1DC8003E0A85 /* UIViewExt.swift in Sources */,
				F0F4BDD924A1EB12000A2CD0 /* DetailCategoryViewModel.swift in Sources */,
				F0F4BD8C24A04E19000A2CD0 /* HomeCellCategoryViewModel.swift in Sources */,
				F06908FA24A466B6006D9603 /* DetailMealViewModel.swift in Sources */,
				F0F4BD9224A05676000A2CD0 /* CategoryMeal.swift in Sources */,
				F01685BE249CC650006BE5C9 /* Networking.swift in Sources */,
				F069094424AC2B6F006D9603 /* OtherFoodCellViewModel.swift in Sources */,
				F069093C24AB2C90006D9603 /* DetailMealCountryViewModel.swift in Sources */,
				D10B90D7249B1DD5003E0A85 /* String.swift in Sources */,
				F0F4BDD724A1EB12000A2CD0 /* DetailCategoryCellViewModel.swift in Sources */,

				F02FE51424AD78E700B03D21 /* SideMenuTableViewCell.swift in Sources */,
				F01FA20E24B02E2300A2D6FF /* FavoritesTableViewCell.swift in Sources */,

				D10B90DA249B1DD5003E0A85 /* Configuration.swift in Sources */,
				F0F4BDD624A1EB12000A2CD0 /* DetailCategoryCollectionViewCell.swift in Sources */,
				F0F4BD8E24A04FA8000A2CD0 /* HomeCategoryViewModel.swift in Sources */,
				F06908F724A4668E006D9603 /* DetailMealViewController.swift in Sources */,
				F069090424A47C7A006D9603 /* InfoTableViewCell.swift in Sources */,
				F0F4BDBE24A1A851000A2CD0 /* CountryViewController.swift in Sources */,
				F069092124A49032006D9603 /* DetailMealTableViewCellViewModel.swift in Sources */,
				F0BE18E2249B6264004FA5AB /* StringExt.swift in Sources */,
				D10B90D8249B1DD5003E0A85 /* App.swift in Sources */,
				F0F4BDC424A1B076000A2CD0 /* CountryCollectionViewCell.swift in Sources */,
				D10B918D249B1FD8003E0A85 /* ResponseSerializer.swift in Sources */,
				F0F4BDC724A1B0AE000A2CD0 /* CountryCellViewModel.swift in Sources */,
				D10B908E249B19F2003E0A85 /* SceneDelegate.swift in Sources */,

				F01FA21324B068ED00A2D6FF /* FavoritesTableViewModel.swift in Sources */,

				D10B918B249B1FD8003E0A85 /* Error.swift in Sources */,
				D10B9090249B19F2003E0A85 /* ContentView.swift in Sources */,
				F02FE51F24AEDFC300B03D21 /* MealRealm.swift in Sources */,
				F069092724AB2C12006D9603 /* VideoTableViewCell.swift in Sources */,
			);
			runOnlyForDeploymentPostprocessing = 0;
		};
		D10B909A249B19FA003E0A85 /* Sources */ = {
			isa = PBXSourcesBuildPhase;
			buildActionMask = 2147483647;
			files = (
				D10B90A3249B19FA003E0A85 /* FinalProjectTests.swift in Sources */,
			);
			runOnlyForDeploymentPostprocessing = 0;
		};
		D10B90A5249B19FA003E0A85 /* Sources */ = {
			isa = PBXSourcesBuildPhase;
			buildActionMask = 2147483647;
			files = (
				D10B90AE249B19FA003E0A85 /* FinalProjectUITests.swift in Sources */,
			);
			runOnlyForDeploymentPostprocessing = 0;
		};
/* End PBXSourcesBuildPhase section */

/* Begin PBXTargetDependency section */
		D10B90A0249B19FA003E0A85 /* PBXTargetDependency */ = {
			isa = PBXTargetDependency;
			target = D10B9087249B19F2003E0A85 /* FinalProject */;
			targetProxy = D10B909F249B19FA003E0A85 /* PBXContainerItemProxy */;
		};
		D10B90AB249B19FA003E0A85 /* PBXTargetDependency */ = {
			isa = PBXTargetDependency;
			target = D10B9087249B19F2003E0A85 /* FinalProject */;
			targetProxy = D10B90AA249B19FA003E0A85 /* PBXContainerItemProxy */;
		};
/* End PBXTargetDependency section */

/* Begin XCBuildConfiguration section */
		D10B90B0249B19FA003E0A85 /* Debug */ = {
			isa = XCBuildConfiguration;
			buildSettings = {
				ALWAYS_SEARCH_USER_PATHS = NO;
				CLANG_ANALYZER_NONNULL = YES;
				CLANG_ANALYZER_NUMBER_OBJECT_CONVERSION = YES_AGGRESSIVE;
				CLANG_CXX_LANGUAGE_STANDARD = "gnu++14";
				CLANG_CXX_LIBRARY = "libc++";
				CLANG_ENABLE_MODULES = YES;
				CLANG_ENABLE_OBJC_ARC = YES;
				CLANG_ENABLE_OBJC_WEAK = YES;
				CLANG_WARN_BLOCK_CAPTURE_AUTORELEASING = YES;
				CLANG_WARN_BOOL_CONVERSION = YES;
				CLANG_WARN_COMMA = YES;
				CLANG_WARN_CONSTANT_CONVERSION = YES;
				CLANG_WARN_DEPRECATED_OBJC_IMPLEMENTATIONS = YES;
				CLANG_WARN_DIRECT_OBJC_ISA_USAGE = YES_ERROR;
				CLANG_WARN_DOCUMENTATION_COMMENTS = YES;
				CLANG_WARN_EMPTY_BODY = YES;
				CLANG_WARN_ENUM_CONVERSION = YES;
				CLANG_WARN_INFINITE_RECURSION = YES;
				CLANG_WARN_INT_CONVERSION = YES;
				CLANG_WARN_NON_LITERAL_NULL_CONVERSION = YES;
				CLANG_WARN_OBJC_IMPLICIT_RETAIN_SELF = YES;
				CLANG_WARN_OBJC_LITERAL_CONVERSION = YES;
				CLANG_WARN_OBJC_ROOT_CLASS = YES_ERROR;
				CLANG_WARN_RANGE_LOOP_ANALYSIS = YES;
				CLANG_WARN_STRICT_PROTOTYPES = YES;
				CLANG_WARN_SUSPICIOUS_MOVE = YES;
				CLANG_WARN_UNGUARDED_AVAILABILITY = YES_AGGRESSIVE;
				CLANG_WARN_UNREACHABLE_CODE = YES;
				CLANG_WARN__DUPLICATE_METHOD_MATCH = YES;
				COPY_PHASE_STRIP = NO;
				DEBUG_INFORMATION_FORMAT = dwarf;
				ENABLE_STRICT_OBJC_MSGSEND = YES;
				ENABLE_TESTABILITY = YES;
				GCC_C_LANGUAGE_STANDARD = gnu11;
				GCC_DYNAMIC_NO_PIC = NO;
				GCC_NO_COMMON_BLOCKS = YES;
				GCC_OPTIMIZATION_LEVEL = 0;
				GCC_PREPROCESSOR_DEFINITIONS = (
					"DEBUG=1",
					"$(inherited)",
				);
				GCC_WARN_64_TO_32_BIT_CONVERSION = YES;
				GCC_WARN_ABOUT_RETURN_TYPE = YES_ERROR;
				GCC_WARN_UNDECLARED_SELECTOR = YES;
				GCC_WARN_UNINITIALIZED_AUTOS = YES_AGGRESSIVE;
				GCC_WARN_UNUSED_FUNCTION = YES;
				GCC_WARN_UNUSED_VARIABLE = YES;
				IPHONEOS_DEPLOYMENT_TARGET = 13.2;
				MTL_ENABLE_DEBUG_INFO = INCLUDE_SOURCE;
				MTL_FAST_MATH = YES;
				ONLY_ACTIVE_ARCH = YES;
				SDKROOT = iphoneos;
				SWIFT_ACTIVE_COMPILATION_CONDITIONS = DEBUG;
				SWIFT_OPTIMIZATION_LEVEL = "-Onone";
			};
			name = Debug;
		};
		D10B90B1249B19FA003E0A85 /* Release */ = {
			isa = XCBuildConfiguration;
			buildSettings = {
				ALWAYS_SEARCH_USER_PATHS = NO;
				CLANG_ANALYZER_NONNULL = YES;
				CLANG_ANALYZER_NUMBER_OBJECT_CONVERSION = YES_AGGRESSIVE;
				CLANG_CXX_LANGUAGE_STANDARD = "gnu++14";
				CLANG_CXX_LIBRARY = "libc++";
				CLANG_ENABLE_MODULES = YES;
				CLANG_ENABLE_OBJC_ARC = YES;
				CLANG_ENABLE_OBJC_WEAK = YES;
				CLANG_WARN_BLOCK_CAPTURE_AUTORELEASING = YES;
				CLANG_WARN_BOOL_CONVERSION = YES;
				CLANG_WARN_COMMA = YES;
				CLANG_WARN_CONSTANT_CONVERSION = YES;
				CLANG_WARN_DEPRECATED_OBJC_IMPLEMENTATIONS = YES;
				CLANG_WARN_DIRECT_OBJC_ISA_USAGE = YES_ERROR;
				CLANG_WARN_DOCUMENTATION_COMMENTS = YES;
				CLANG_WARN_EMPTY_BODY = YES;
				CLANG_WARN_ENUM_CONVERSION = YES;
				CLANG_WARN_INFINITE_RECURSION = YES;
				CLANG_WARN_INT_CONVERSION = YES;
				CLANG_WARN_NON_LITERAL_NULL_CONVERSION = YES;
				CLANG_WARN_OBJC_IMPLICIT_RETAIN_SELF = YES;
				CLANG_WARN_OBJC_LITERAL_CONVERSION = YES;
				CLANG_WARN_OBJC_ROOT_CLASS = YES_ERROR;
				CLANG_WARN_RANGE_LOOP_ANALYSIS = YES;
				CLANG_WARN_STRICT_PROTOTYPES = YES;
				CLANG_WARN_SUSPICIOUS_MOVE = YES;
				CLANG_WARN_UNGUARDED_AVAILABILITY = YES_AGGRESSIVE;
				CLANG_WARN_UNREACHABLE_CODE = YES;
				CLANG_WARN__DUPLICATE_METHOD_MATCH = YES;
				COPY_PHASE_STRIP = NO;
				DEBUG_INFORMATION_FORMAT = "dwarf-with-dsym";
				ENABLE_NS_ASSERTIONS = NO;
				ENABLE_STRICT_OBJC_MSGSEND = YES;
				GCC_C_LANGUAGE_STANDARD = gnu11;
				GCC_NO_COMMON_BLOCKS = YES;
				GCC_WARN_64_TO_32_BIT_CONVERSION = YES;
				GCC_WARN_ABOUT_RETURN_TYPE = YES_ERROR;
				GCC_WARN_UNDECLARED_SELECTOR = YES;
				GCC_WARN_UNINITIALIZED_AUTOS = YES_AGGRESSIVE;
				GCC_WARN_UNUSED_FUNCTION = YES;
				GCC_WARN_UNUSED_VARIABLE = YES;
				IPHONEOS_DEPLOYMENT_TARGET = 13.2;
				MTL_ENABLE_DEBUG_INFO = NO;
				MTL_FAST_MATH = YES;
				SDKROOT = iphoneos;
				SWIFT_COMPILATION_MODE = wholemodule;
				SWIFT_OPTIMIZATION_LEVEL = "-O";
				VALIDATE_PRODUCT = YES;
			};
			name = Release;
		};
		D10B90B3249B19FA003E0A85 /* Debug */ = {
			isa = XCBuildConfiguration;
			baseConfigurationReference = 71DFB99B885F73AA0CAB7C44 /* Pods-FinalProject.debug.xcconfig */;
			buildSettings = {
				ASSETCATALOG_COMPILER_APPICON_NAME = AppIcon;
				CODE_SIGN_STYLE = Automatic;
				DEVELOPMENT_ASSET_PATHS = "\"FinalProject/Preview Content\"";
				ENABLE_PREVIEWS = YES;
				INFOPLIST_FILE = FinalProject/Supports/Info.plist;
				LD_RUNPATH_SEARCH_PATHS = (
					"$(inherited)",
					"@executable_path/Frameworks",
				);
				PRODUCT_BUNDLE_IDENTIFIER = com.fc.FinalProject;
				PRODUCT_NAME = "$(TARGET_NAME)";
				SWIFT_VERSION = 5.0;
				TARGETED_DEVICE_FAMILY = "1,2";
			};
			name = Debug;
		};
		D10B90B4249B19FA003E0A85 /* Release */ = {
			isa = XCBuildConfiguration;
			baseConfigurationReference = C457CDE7FE39E7C321A18E9D /* Pods-FinalProject.release.xcconfig */;
			buildSettings = {
				ASSETCATALOG_COMPILER_APPICON_NAME = AppIcon;
				CODE_SIGN_STYLE = Automatic;
				DEVELOPMENT_ASSET_PATHS = "\"FinalProject/Preview Content\"";
				ENABLE_PREVIEWS = YES;
				INFOPLIST_FILE = FinalProject/Supports/Info.plist;
				LD_RUNPATH_SEARCH_PATHS = (
					"$(inherited)",
					"@executable_path/Frameworks",
				);
				PRODUCT_BUNDLE_IDENTIFIER = com.fc.FinalProject;
				PRODUCT_NAME = "$(TARGET_NAME)";
				SWIFT_VERSION = 5.0;
				TARGETED_DEVICE_FAMILY = "1,2";
			};
			name = Release;
		};
		D10B90B6249B19FA003E0A85 /* Debug */ = {
			isa = XCBuildConfiguration;
			buildSettings = {
				ALWAYS_EMBED_SWIFT_STANDARD_LIBRARIES = YES;
				BUNDLE_LOADER = "$(TEST_HOST)";
				CODE_SIGN_STYLE = Automatic;
				INFOPLIST_FILE = FinalProjectTests/Info.plist;
				IPHONEOS_DEPLOYMENT_TARGET = 13.2;
				LD_RUNPATH_SEARCH_PATHS = (
					"$(inherited)",
					"@executable_path/Frameworks",
					"@loader_path/Frameworks",
				);
				PRODUCT_BUNDLE_IDENTIFIER = com.fc.FinalProjectTests;
				PRODUCT_NAME = "$(TARGET_NAME)";
				SWIFT_VERSION = 5.0;
				TARGETED_DEVICE_FAMILY = "1,2";
				TEST_HOST = "$(BUILT_PRODUCTS_DIR)/FinalProject.app/FinalProject";
			};
			name = Debug;
		};
		D10B90B7249B19FA003E0A85 /* Release */ = {
			isa = XCBuildConfiguration;
			buildSettings = {
				ALWAYS_EMBED_SWIFT_STANDARD_LIBRARIES = YES;
				BUNDLE_LOADER = "$(TEST_HOST)";
				CODE_SIGN_STYLE = Automatic;
				INFOPLIST_FILE = FinalProjectTests/Info.plist;
				IPHONEOS_DEPLOYMENT_TARGET = 13.2;
				LD_RUNPATH_SEARCH_PATHS = (
					"$(inherited)",
					"@executable_path/Frameworks",
					"@loader_path/Frameworks",
				);
				PRODUCT_BUNDLE_IDENTIFIER = com.fc.FinalProjectTests;
				PRODUCT_NAME = "$(TARGET_NAME)";
				SWIFT_VERSION = 5.0;
				TARGETED_DEVICE_FAMILY = "1,2";
				TEST_HOST = "$(BUILT_PRODUCTS_DIR)/FinalProject.app/FinalProject";
			};
			name = Release;
		};
		D10B90B9249B19FA003E0A85 /* Debug */ = {
			isa = XCBuildConfiguration;
			buildSettings = {
				ALWAYS_EMBED_SWIFT_STANDARD_LIBRARIES = YES;
				CODE_SIGN_STYLE = Automatic;
				INFOPLIST_FILE = FinalProjectUITests/Info.plist;
				LD_RUNPATH_SEARCH_PATHS = (
					"$(inherited)",
					"@executable_path/Frameworks",
					"@loader_path/Frameworks",
				);
				PRODUCT_BUNDLE_IDENTIFIER = com.fc.FinalProjectUITests;
				PRODUCT_NAME = "$(TARGET_NAME)";
				SWIFT_VERSION = 5.0;
				TARGETED_DEVICE_FAMILY = "1,2";
				TEST_TARGET_NAME = FinalProject;
			};
			name = Debug;
		};
		D10B90BA249B19FA003E0A85 /* Release */ = {
			isa = XCBuildConfiguration;
			buildSettings = {
				ALWAYS_EMBED_SWIFT_STANDARD_LIBRARIES = YES;
				CODE_SIGN_STYLE = Automatic;
				INFOPLIST_FILE = FinalProjectUITests/Info.plist;
				LD_RUNPATH_SEARCH_PATHS = (
					"$(inherited)",
					"@executable_path/Frameworks",
					"@loader_path/Frameworks",
				);
				PRODUCT_BUNDLE_IDENTIFIER = com.fc.FinalProjectUITests;
				PRODUCT_NAME = "$(TARGET_NAME)";
				SWIFT_VERSION = 5.0;
				TARGETED_DEVICE_FAMILY = "1,2";
				TEST_TARGET_NAME = FinalProject;
			};
			name = Release;
		};
/* End XCBuildConfiguration section */

/* Begin XCConfigurationList section */
		D10B9083249B19F2003E0A85 /* Build configuration list for PBXProject "FinalProject" */ = {
			isa = XCConfigurationList;
			buildConfigurations = (
				D10B90B0249B19FA003E0A85 /* Debug */,
				D10B90B1249B19FA003E0A85 /* Release */,
			);
			defaultConfigurationIsVisible = 0;
			defaultConfigurationName = Release;
		};
		D10B90B2249B19FA003E0A85 /* Build configuration list for PBXNativeTarget "FinalProject" */ = {
			isa = XCConfigurationList;
			buildConfigurations = (
				D10B90B3249B19FA003E0A85 /* Debug */,
				D10B90B4249B19FA003E0A85 /* Release */,
			);
			defaultConfigurationIsVisible = 0;
			defaultConfigurationName = Release;
		};
		D10B90B5249B19FA003E0A85 /* Build configuration list for PBXNativeTarget "FinalProjectTests" */ = {
			isa = XCConfigurationList;
			buildConfigurations = (
				D10B90B6249B19FA003E0A85 /* Debug */,
				D10B90B7249B19FA003E0A85 /* Release */,
			);
			defaultConfigurationIsVisible = 0;
			defaultConfigurationName = Release;
		};
		D10B90B8249B19FA003E0A85 /* Build configuration list for PBXNativeTarget "FinalProjectUITests" */ = {
			isa = XCConfigurationList;
			buildConfigurations = (
				D10B90B9249B19FA003E0A85 /* Debug */,
				D10B90BA249B19FA003E0A85 /* Release */,
			);
			defaultConfigurationIsVisible = 0;
			defaultConfigurationName = Release;
		};
/* End XCConfigurationList section */
	};
	rootObject = D10B9080249B19F2003E0A85 /* Project object */;
}
